
Microsoft Visual Studio Solution File, Format Version 12.00
# Visual Studio Version 16
VisualStudioVersion = 16.0.29721.120
MinimumVisualStudioVersion = 10.0.40219.1
Project("{FAE04EC0-301F-11D3-BF4B-00C04F79EFBC}") = "BookShopWithMI", "BookShopWithMI.csproj", "{B296C8F8-943F-4AA9-9961-3CBAB3DFF743}"
EndProject
Global
	GlobalSection(SolutionConfigurationPlatforms) = preSolution
		Debug|Any CPU = Debug|Any CPU
		Release|Any CPU = Release|Any CPU
	EndGlobalSection
	GlobalSection(ProjectConfigurationPlatforms) = postSolution
		{B296C8F8-943F-4AA9-9961-3CBAB3DFF743}.Debug|Any CPU.ActiveCfg = Debug|Any CPU
		{B296C8F8-943F-4AA9-9961-3CBAB3DFF743}.Debug|Any CPU.Build.0 = Debug|Any CPU
		{B296C8F8-943F-4AA9-9961-3CBAB3DFF743}.Release|Any CPU.ActiveCfg = Release|Any CPU
		{B296C8F8-943F-4AA9-9961-3CBAB3DFF743}.Release|Any CPU.Build.0 = Release|Any CPU
	EndGlobalSection
	GlobalSection(SolutionProperties) = preSolution
		HideSolutionNode = FALSE
	EndGlobalSection
	GlobalSection(ExtensibilityGlobals) = postSolution
		SolutionGuid = {FCCBD291-1E4C-4FED-BAD8-F0545D6C36BC}
	EndGlobalSection
EndGlobal
