
Microsoft Visual Studio Solution File, Format Version 12.00
# Visual Studio Version 16
VisualStudioVersion = 16.0.29721.120
MinimumVisualStudioVersion = 10.0.40219.1
Project("{9A19103F-16F7-4668-BE54-9A1E7A4F7556}") = "BookShop", "BookShop.csproj", "{E249658E-DA22-4553-AEF4-E95AE60EDAA2}"
EndProject
Global
	GlobalSection(SolutionConfigurationPlatforms) = preSolution
		Debug|Any CPU = Debug|Any CPU
		Production|Any CPU = Production|Any CPU
		Release|Any CPU = Release|Any CPU
	EndGlobalSection
	GlobalSection(ProjectConfigurationPlatforms) = postSolution
		{E249658E-DA22-4553-AEF4-E95AE60EDAA2}.Debug|Any CPU.ActiveCfg = Debug|Any CPU
		{E249658E-DA22-4553-AEF4-E95AE60EDAA2}.Debug|Any CPU.Build.0 = Debug|Any CPU
		{E249658E-DA22-4553-AEF4-E95AE60EDAA2}.Production|Any CPU.ActiveCfg = Production|Any CPU
		{E249658E-DA22-4553-AEF4-E95AE60EDAA2}.Production|Any CPU.Build.0 = Production|Any CPU
		{E249658E-DA22-4553-AEF4-E95AE60EDAA2}.Release|Any CPU.ActiveCfg = Release|Any CPU
		{E249658E-DA22-4553-AEF4-E95AE60EDAA2}.Release|Any CPU.Build.0 = Release|Any CPU
	EndGlobalSection
	GlobalSection(SolutionProperties) = preSolution
		HideSolutionNode = FALSE
	EndGlobalSection
	GlobalSection(ExtensibilityGlobals) = postSolution
		SolutionGuid = {8D8AA207-EC85-4C1D-B69C-58306E582131}
	EndGlobalSection
EndGlobal
