
Microsoft Visual Studio Solution File, Format Version 12.00
# Visual Studio Version 16
VisualStudioVersion = 16.0.29721.120
MinimumVisualStudioVersion = 10.0.40219.1
Project("{FAE04EC0-301F-11D3-BF4B-00C04F79EFBC}") = "ZeroCredApp", "ZeroCredApp.csproj", "{7EC5C38A-E908-43BD-8D0F-0C3463E7D187}"
EndProject
Global
	GlobalSection(SolutionConfigurationPlatforms) = preSolution
		Debug|Any CPU = Debug|Any CPU
		Release|Any CPU = Release|Any CPU
	EndGlobalSection
	GlobalSection(ProjectConfigurationPlatforms) = postSolution
		{7EC5C38A-E908-43BD-8D0F-0C3463E7D187}.Debug|Any CPU.ActiveCfg = Debug|Any CPU
		{7EC5C38A-E908-43BD-8D0F-0C3463E7D187}.Debug|Any CPU.Build.0 = Debug|Any CPU
		{7EC5C38A-E908-43BD-8D0F-0C3463E7D187}.Release|Any CPU.ActiveCfg = Release|Any CPU
		{7EC5C38A-E908-43BD-8D0F-0C3463E7D187}.Release|Any CPU.Build.0 = Release|Any CPU
	EndGlobalSection
	GlobalSection(SolutionProperties) = preSolution
		HideSolutionNode = FALSE
	EndGlobalSection
	GlobalSection(ExtensibilityGlobals) = postSolution
		SolutionGuid = {2CD16B05-2592-45BA-B45F-FBD09FE49CEB}
	EndGlobalSection
EndGlobal
